{
  "name": "@jamen/dev-server",
  "version": "0.3.0",
  "lockfileVersion": 1,
  "requires": true,
  "dependencies": {
    "@jamen/watch-exec": {
      "version": "1.0.0",
      "resolved": "https://registry.npmjs.org/@jamen/watch-exec/-/watch-exec-1.0.0.tgz",
      "integrity": "sha512-S0dLUlq7s218+1IFA/8kMEeRKmIkjdWXdy5vfwUvo5dK3765Jb8LpD1zEgJ/WoTJV2Y5LFrGkujSD419ZzMm0g==",
      "requires": {
        "minimatch": "3.0.4",
        "recursive-watch": "1.1.4"
      }
    },
    "arg": {
      "version": "2.0.0",
      "resolved": "https://registry.npmjs.org/arg/-/arg-2.0.0.tgz",
      "integrity": "sha512-XxNTUzKnz1ctK3ZIcI2XUPlD96wbHP2nGqkPKpvk/HNRlPveYrXIVSTk9m3LcqOgDPg3B1nMvdV/K8wZd7PG4w=="
    },
    "async-limiter": {
      "version": "1.0.0",
      "resolved": "https://registry.npmjs.org/async-limiter/-/async-limiter-1.0.0.tgz",
      "integrity": "sha512-jp/uFnooOiO+L211eZOoSyzpOITMXx1rBITauYykG3BRYPu8h0UcxsPNB04RR5vo4Tyz3+ay17tR6JVf9qzYWg=="
    },
    "balanced-match": {
      "version": "1.0.0",
      "resolved": "https://registry.npmjs.org/balanced-match/-/balanced-match-1.0.0.tgz",
      "integrity": "sha1-ibTRmasr7kneFk6gK4nORi1xt2c="
    },
    "brace-expansion": {
      "version": "1.1.11",
      "resolved": "https://registry.npmjs.org/brace-expansion/-/brace-expansion-1.1.11.tgz",
      "integrity": "sha512-iCuPHDFgrHX7H2vEI/5xpz07zSHB00TpugqhmYtVmMO6518mCuRMoOYFldEBl0g187ufozdaHgWKcYFb61qGiA==",
      "requires": {
        "balanced-match": "1.0.0",
        "concat-map": "0.0.1"
      }
    },
    "concat-map": {
      "version": "0.0.1",
      "resolved": "https://registry.npmjs.org/concat-map/-/concat-map-0.0.1.tgz",
      "integrity": "sha1-2Klr13/Wjfd5OnMDajug1UBdR3s="
    },
    "mime-db": {
      "version": "1.33.0",
      "resolved": "https://registry.npmjs.org/mime-db/-/mime-db-1.33.0.tgz",
      "integrity": "sha512-BHJ/EKruNIqJf/QahvxwQZXKygOQ256myeN/Ew+THcAa5q+PjyTTMMeNQC4DZw5AwfvelsUrA6B67NKMqXDbzQ=="
    },
    "minimatch": {
      "version": "3.0.4",
      "resolved": "https://registry.npmjs.org/minimatch/-/minimatch-3.0.4.tgz",
      "integrity": "sha512-yJHVQEhyqPLUTgt9B83PXu6W3rx4MvvHvSUvToogpwoGDOUQ+yDrR0HRot+yOCdCO7u4hX3pWft6kWBBcqh0UA==",
      "requires": {
        "brace-expansion": "1.1.11"
      }
    },
    "minimist": {
      "version": "1.2.0",
      "resolved": "https://registry.npmjs.org/minimist/-/minimist-1.2.0.tgz",
      "integrity": "sha1-o1AIsg9BOD7sH7kU9M1d95omQoQ="
    },
    "recursive-watch": {
      "version": "1.1.4",
      "resolved": "https://registry.npmjs.org/recursive-watch/-/recursive-watch-1.1.4.tgz",
      "integrity": "sha512-fWejAmdLi7B/jipBUjTLnqId+PK+573fbGNbdaNA/AiAnQAx6OYOLCGWRs0W5+PyM1rLzZSWK2f40QpHSR49PQ==",
      "requires": {
        "ttl": "1.3.1"
      }
    },
    "ttl": {
      "version": "1.3.1",
      "resolved": "https://registry.npmjs.org/ttl/-/ttl-1.3.1.tgz",
      "integrity": "sha512-+bGy9iDAqg3WSfc2ZrprToSPJhZjqy7vUv9wupQzsiv+BVPVx1T2a6G4T0290SpQj+56Toaw9BiLO5j5Bd7QzA=="
    },
    "ws": {
      "version": "5.1.1",
      "resolved": "https://registry.npmjs.org/ws/-/ws-5.1.1.tgz",
      "integrity": "sha512-bOusvpCb09TOBLbpMKszd45WKC2KPtxiyiHanv+H2DE3Az+1db5a/L7sVJZVDPUC1Br8f0SKRr1KjLpD1U/IAw==",
      "requires": {
        "async-limiter": "1.0.0"
      }
    }
  }
}
